{
  "requires": true,
  "lockfileVersion": 1,
  "dependencies": {
    "moq.ts": {
      "version": "6.3.0",
      "resolved": "https://registry.npmjs.org/moq.ts/-/moq.ts-6.3.0.tgz",
      "integrity": "sha512-tQ7EhuLt1ft2qq/UrK0dlR493gqp9lUiVMgW1l+VejuCdn5fg+QMt5JKKtAINCspy1yKs7mtoEmp3IYVzy6m5g==",
      "dev": true
    }
  }
}
